// !$*UTF8*$!
{
	archiveVersion = 1;
	classes = {
	};
	objectVersion = 50;
	objects = {

/* Begin PBXBuildFile section */
		DA6B340521345DF900099EF0 /* AppDelegate.m in Sources */ = {isa = PBXBuildFile; fileRef = DA6B340421345DF900099EF0 /* AppDelegate.m */; };
		DA6B340B21345DF900099EF0 /* Main.storyboard in Resources */ = {isa = PBXBuildFile; fileRef = DA6B340921345DF900099EF0 /* Main.storyboard */; };
		DA6B340D21345DFB00099EF0 /* Assets.xcassets in Resources */ = {isa = PBXBuildFile; fileRef = DA6B340C21345DFB00099EF0 /* Assets.xcassets */; };
		DA6B341021345DFB00099EF0 /* LaunchScreen.storyboard in Resources */ = {isa = PBXBuildFile; fileRef = DA6B340E21345DFB00099EF0 /* LaunchScreen.storyboard */; };
		DA6B341321345DFB00099EF0 /* main.m in Sources */ = {isa = PBXBuildFile; fileRef = DA6B341221345DFB00099EF0 /* main.m */; };
		DA6B341D21345DFB00099EF0 /* SampleProjectTests.m in Sources */ = {isa = PBXBuildFile; fileRef = DA6B341C21345DFB00099EF0 /* SampleProjectTests.m */; };
		DA6B342821345DFB00099EF0 /* SampleProjectUITests.m in Sources */ = {isa = PBXBuildFile; fileRef = DA6B342721345DFB00099EF0 /* SampleProjectUITests.m */; };
		DA6B343A213462E200099EF0 /* CollectionSearchViewController.m in Sources */ = {isa = PBXBuildFile; fileRef = DA6B3439213462E200099EF0 /* CollectionSearchViewController.m */; };
		DA6B3444213465BF00099EF0 /* ImageCollectionCell.m in Sources */ = {isa = PBXBuildFile; fileRef = DA6B3443213465BF00099EF0 /* ImageCollectionCell.m */; };
		DA6B3578213468BF00099EF0 /* SearchTextView.m in Sources */ = {isa = PBXBuildFile; fileRef = DA6B3577213468BF00099EF0 /* SearchTextView.m */; };
		DA6B357E21346ECA00099EF0 /* CollectionSearchViewController+CollectionViewDelegate.m in Sources */ = {isa = PBXBuildFile; fileRef = DA6B357D21346ECA00099EF0 /* CollectionSearchViewController+CollectionViewDelegate.m */; };
		DA6B35842134772300099EF0 /* FlickrService.m in Sources */ = {isa = PBXBuildFile; fileRef = DA6B35832134772300099EF0 /* FlickrService.m */; };
		DA6B35872134834800099EF0 /* CollectionSearchViewController+Service.m in Sources */ = {isa = PBXBuildFile; fileRef = DA6B35862134834800099EF0 /* CollectionSearchViewController+Service.m */; };
		DA6B358F2134892D00099EF0 /* ImageDownloaderManager.m in Sources */ = {isa = PBXBuildFile; fileRef = DA6B358E2134892D00099EF0 /* ImageDownloaderManager.m */; };
		DA6B35922134894A00099EF0 /* ImageDownloaderOperation.m in Sources */ = {isa = PBXBuildFile; fileRef = DA6B35912134894A00099EF0 /* ImageDownloaderOperation.m */; };
		DA6B35952134898800099EF0 /* UIImageView+ImageCache.m in Sources */ = {isa = PBXBuildFile; fileRef = DA6B35932134898800099EF0 /* UIImageView+ImageCache.m */; };
		DA6B359C213489D300099EF0 /* NetworkAdapter.m in Sources */ = {isa = PBXBuildFile; fileRef = DA6B359B213489D300099EF0 /* NetworkAdapter.m */; };
		DA6B359F21348A0900099EF0 /* NetworkNSURLSessionRequest.m in Sources */ = {isa = PBXBuildFile; fileRef = DA6B359E21348A0900099EF0 /* NetworkNSURLSessionRequest.m */; };
		DA6B35AC2135911800099EF0 /* FlickrPhoto.m in Sources */ = {isa = PBXBuildFile; fileRef = DA6B35AB2135911800099EF0 /* FlickrPhoto.m */; };
		DA6B35AF2135912600099EF0 /* FlickrPages.m in Sources */ = {isa = PBXBuildFile; fileRef = DA6B35AE2135912500099EF0 /* FlickrPages.m */; };
		DA6B35C3213641C700099EF0 /* ImageServieManager.m in Sources */ = {isa = PBXBuildFile; fileRef = DA6B35C2213641C700099EF0 /* ImageServieManager.m */; };
/* End PBXBuildFile section */

/* Begin PBXContainerItemProxy section */
		DA6B341921345DFB00099EF0 /* PBXContainerItemProxy */ = {
			isa = PBXContainerItemProxy;
			containerPortal = DA6B33F821345DF900099EF0 /* Project object */;
			proxyType = 1;
			remoteGlobalIDString = DA6B33FF21345DF900099EF0;
			remoteInfo = SampleProject;
		};
		DA6B342421345DFB00099EF0 /* PBXContainerItemProxy */ = {
			isa = PBXContainerItemProxy;
			containerPortal = DA6B33F821345DF900099EF0 /* Project object */;
			proxyType = 1;
			remoteGlobalIDString = DA6B33FF21345DF900099EF0;
			remoteInfo = SampleProject;
		};
/* End PBXContainerItemProxy section */

/* Begin PBXFileReference section */
		DA6B340021345DF900099EF0 /* SampleProject.app */ = {isa = PBXFileReference; explicitFileType = wrapper.application; includeInIndex = 0; path = SampleProject.app; sourceTree = BUILT_PRODUCTS_DIR; };
		DA6B340321345DF900099EF0 /* AppDelegate.h */ = {isa = PBXFileReference; lastKnownFileType = sourcecode.c.h; path = AppDelegate.h; sourceTree = "<group>"; };
		DA6B340421345DF900099EF0 /* AppDelegate.m */ = {isa = PBXFileReference; lastKnownFileType = sourcecode.c.objc; path = AppDelegate.m; sourceTree = "<group>"; };
		DA6B340A21345DF900099EF0 /* Base */ = {isa = PBXFileReference; lastKnownFileType = file.storyboard; name = Base; path = Base.lproj/Main.storyboard; sourceTree = "<group>"; };
		DA6B340C21345DFB00099EF0 /* Assets.xcassets */ = {isa = PBXFileReference; lastKnownFileType = folder.assetcatalog; path = Assets.xcassets; sourceTree = "<group>"; };
		DA6B340F21345DFB00099EF0 /* Base */ = {isa = PBXFileReference; lastKnownFileType = file.storyboard; name = Base; path = Base.lproj/LaunchScreen.storyboard; sourceTree = "<group>"; };
		DA6B341121345DFB00099EF0 /* Info.plist */ = {isa = PBXFileReference; lastKnownFileType = text.plist.xml; path = Info.plist; sourceTree = "<group>"; };
		DA6B341221345DFB00099EF0 /* main.m */ = {isa = PBXFileReference; lastKnownFileType = sourcecode.c.objc; path = main.m; sourceTree = "<group>"; };
		DA6B341821345DFB00099EF0 /* SampleProjectTests.xctest */ = {isa = PBXFileReference; explicitFileType = wrapper.cfbundle; includeInIndex = 0; path = SampleProjectTests.xctest; sourceTree = BUILT_PRODUCTS_DIR; };
		DA6B341C21345DFB00099EF0 /* SampleProjectTests.m */ = {isa = PBXFileReference; lastKnownFileType = sourcecode.c.objc; path = SampleProjectTests.m; sourceTree = "<group>"; };
		DA6B341E21345DFB00099EF0 /* Info.plist */ = {isa = PBXFileReference; lastKnownFileType = text.plist.xml; path = Info.plist; sourceTree = "<group>"; };
		DA6B342321345DFB00099EF0 /* SampleProjectUITests.xctest */ = {isa = PBXFileReference; explicitFileType = wrapper.cfbundle; includeInIndex = 0; path = SampleProjectUITests.xctest; sourceTree = BUILT_PRODUCTS_DIR; };
		DA6B342721345DFB00099EF0 /* SampleProjectUITests.m */ = {isa = PBXFileReference; lastKnownFileType = sourcecode.c.objc; path = SampleProjectUITests.m; sourceTree = "<group>"; };
		DA6B342921345DFB00099EF0 /* Info.plist */ = {isa = PBXFileReference; lastKnownFileType = text.plist.xml; path = Info.plist; sourceTree = "<group>"; };
		DA6B3438213462E200099EF0 /* CollectionSearchViewController.h */ = {isa = PBXFileReference; lastKnownFileType = sourcecode.c.h; path = CollectionSearchViewController.h; sourceTree = "<group>"; };
		DA6B3439213462E200099EF0 /* CollectionSearchViewController.m */ = {isa = PBXFileReference; lastKnownFileType = sourcecode.c.objc; path = CollectionSearchViewController.m; sourceTree = "<group>"; };
		DA6B3442213465BF00099EF0 /* ImageCollectionCell.h */ = {isa = PBXFileReference; lastKnownFileType = sourcecode.c.h; path = ImageCollectionCell.h; sourceTree = "<group>"; };
		DA6B3443213465BF00099EF0 /* ImageCollectionCell.m */ = {isa = PBXFileReference; lastKnownFileType = sourcecode.c.objc; path = ImageCollectionCell.m; sourceTree = "<group>"; };
		DA6B3576213468BF00099EF0 /* SearchTextView.h */ = {isa = PBXFileReference; fileEncoding = 4; lastKnownFileType = sourcecode.c.h; path = SearchTextView.h; sourceTree = "<group>"; };
		DA6B3577213468BF00099EF0 /* SearchTextView.m */ = {isa = PBXFileReference; fileEncoding = 4; lastKnownFileType = sourcecode.c.objc; path = SearchTextView.m; sourceTree = "<group>"; };
		DA6B357C21346ECA00099EF0 /* CollectionSearchViewController+CollectionViewDelegate.h */ = {isa = PBXFileReference; lastKnownFileType = sourcecode.c.h; path = "CollectionSearchViewController+CollectionViewDelegate.h"; sourceTree = "<group>"; };
		DA6B357D21346ECA00099EF0 /* CollectionSearchViewController+CollectionViewDelegate.m */ = {isa = PBXFileReference; lastKnownFileType = sourcecode.c.objc; path = "CollectionSearchViewController+CollectionViewDelegate.m"; sourceTree = "<group>"; };
		DA6B35822134772300099EF0 /* FlickrService.h */ = {isa = PBXFileReference; lastKnownFileType = sourcecode.c.h; path = FlickrService.h; sourceTree = "<group>"; };
		DA6B35832134772300099EF0 /* FlickrService.m */ = {isa = PBXFileReference; lastKnownFileType = sourcecode.c.objc; path = FlickrService.m; sourceTree = "<group>"; };
		DA6B35852134834800099EF0 /* CollectionSearchViewController+Service.h */ = {isa = PBXFileReference; lastKnownFileType = sourcecode.c.h; path = "CollectionSearchViewController+Service.h"; sourceTree = "<group>"; };
		DA6B35862134834800099EF0 /* CollectionSearchViewController+Service.m */ = {isa = PBXFileReference; lastKnownFileType = sourcecode.c.objc; path = "CollectionSearchViewController+Service.m"; sourceTree = "<group>"; };
		DA6B358D2134892D00099EF0 /* ImageDownloaderManager.h */ = {isa = PBXFileReference; fileEncoding = 4; lastKnownFileType = sourcecode.c.h; path = ImageDownloaderManager.h; sourceTree = "<group>"; };
		DA6B358E2134892D00099EF0 /* ImageDownloaderManager.m */ = {isa = PBXFileReference; fileEncoding = 4; lastKnownFileType = sourcecode.c.objc; path = ImageDownloaderManager.m; sourceTree = "<group>"; };
		DA6B35902134894A00099EF0 /* ImageDownloaderOperation.h */ = {isa = PBXFileReference; fileEncoding = 4; lastKnownFileType = sourcecode.c.h; path = ImageDownloaderOperation.h; sourceTree = "<group>"; };
		DA6B35912134894A00099EF0 /* ImageDownloaderOperation.m */ = {isa = PBXFileReference; fileEncoding = 4; lastKnownFileType = sourcecode.c.objc; path = ImageDownloaderOperation.m; sourceTree = "<group>"; };
		DA6B35932134898800099EF0 /* UIImageView+ImageCache.m */ = {isa = PBXFileReference; fileEncoding = 4; lastKnownFileType = sourcecode.c.objc; path = "UIImageView+ImageCache.m"; sourceTree = "<group>"; };
		DA6B35942134898800099EF0 /* UIImageView+ImageCache.h */ = {isa = PBXFileReference; fileEncoding = 4; lastKnownFileType = sourcecode.c.h; path = "UIImageView+ImageCache.h"; sourceTree = "<group>"; };
		DA6B359A213489D300099EF0 /* NetworkAdapter.h */ = {isa = PBXFileReference; fileEncoding = 4; lastKnownFileType = sourcecode.c.h; path = NetworkAdapter.h; sourceTree = "<group>"; };
		DA6B359B213489D300099EF0 /* NetworkAdapter.m */ = {isa = PBXFileReference; fileEncoding = 4; lastKnownFileType = sourcecode.c.objc; path = NetworkAdapter.m; sourceTree = "<group>"; };
		DA6B359D213489FF00099EF0 /* NetworkRequestDelegate.h */ = {isa = PBXFileReference; fileEncoding = 4; lastKnownFileType = sourcecode.c.h; path = NetworkRequestDelegate.h; sourceTree = "<group>"; };
		DA6B359E21348A0900099EF0 /* NetworkNSURLSessionRequest.m */ = {isa = PBXFileReference; fileEncoding = 4; lastKnownFileType = sourcecode.c.objc; path = NetworkNSURLSessionRequest.m; sourceTree = "<group>"; };
		DA6B35A221348AC300099EF0 /* NetworkNSURLSessionRequest.h */ = {isa = PBXFileReference; lastKnownFileType = sourcecode.c.h; path = NetworkNSURLSessionRequest.h; sourceTree = "<group>"; };
		DA6B35AA2135911800099EF0 /* FlickrPhoto.h */ = {isa = PBXFileReference; lastKnownFileType = sourcecode.c.h; path = FlickrPhoto.h; sourceTree = "<group>"; };
		DA6B35AB2135911800099EF0 /* FlickrPhoto.m */ = {isa = PBXFileReference; lastKnownFileType = sourcecode.c.objc; path = FlickrPhoto.m; sourceTree = "<group>"; };
		DA6B35AD2135912500099EF0 /* FlickrPages.h */ = {isa = PBXFileReference; lastKnownFileType = sourcecode.c.h; path = FlickrPages.h; sourceTree = "<group>"; };
		DA6B35AE2135912500099EF0 /* FlickrPages.m */ = {isa = PBXFileReference; lastKnownFileType = sourcecode.c.objc; path = FlickrPages.m; sourceTree = "<group>"; };
		DA6B35C1213641C700099EF0 /* ImageServieManager.h */ = {isa = PBXFileReference; lastKnownFileType = sourcecode.c.h; path = ImageServieManager.h; sourceTree = "<group>"; };
		DA6B35C2213641C700099EF0 /* ImageServieManager.m */ = {isa = PBXFileReference; lastKnownFileType = sourcecode.c.objc; path = ImageServieManager.m; sourceTree = "<group>"; };
		DA6B35C52136428D00099EF0 /* ImageServiceDelegate.h */ = {isa = PBXFileReference; lastKnownFileType = sourcecode.c.h; path = ImageServiceDelegate.h; sourceTree = "<group>"; };
/* End PBXFileReference section */

/* Begin PBXFrameworksBuildPhase section */
		DA6B33FD21345DF900099EF0 /* Frameworks */ = {
			isa = PBXFrameworksBuildPhase;
			buildActionMask = 2147483647;
			files = (
			);
			runOnlyForDeploymentPostprocessing = 0;
		};
		DA6B341521345DFB00099EF0 /* Frameworks */ = {
			isa = PBXFrameworksBuildPhase;
			buildActionMask = 2147483647;
			files = (
			);
			runOnlyForDeploymentPostprocessing = 0;
		};
		DA6B342021345DFB00099EF0 /* Frameworks */ = {
			isa = PBXFrameworksBuildPhase;
			buildActionMask = 2147483647;
			files = (
			);
			runOnlyForDeploymentPostprocessing = 0;
		};
/* End PBXFrameworksBuildPhase section */

/* Begin PBXGroup section */
		DA6B33F721345DF900099EF0 = {
			isa = PBXGroup;
			children = (
				DA6B340221345DF900099EF0 /* SampleProject */,
				DA6B341B21345DFB00099EF0 /* SampleProjectTests */,
				DA6B342621345DFB00099EF0 /* SampleProjectUITests */,
				DA6B340121345DF900099EF0 /* Products */,
			);
			sourceTree = "<group>";
		};
		DA6B340121345DF900099EF0 /* Products */ = {
			isa = PBXGroup;
			children = (
				DA6B340021345DF900099EF0 /* SampleProject.app */,
				DA6B341821345DFB00099EF0 /* SampleProjectTests.xctest */,
				DA6B342321345DFB00099EF0 /* SampleProjectUITests.xctest */,
			);
			name = Products;
			sourceTree = "<group>";
		};
		DA6B340221345DF900099EF0 /* SampleProject */ = {
			isa = PBXGroup;
			children = (
				DA6B340321345DF900099EF0 /* AppDelegate.h */,
				DA6B340421345DF900099EF0 /* AppDelegate.m */,
				DA6B35A92135910200099EF0 /* Model */,
				DA6B35962134899000099EF0 /* Network */,
				DA6B358C2134890100099EF0 /* ImageLoader */,
				DA6B35882134888200099EF0 /* Flickr */,
				DA6B35892134888F00099EF0 /* View */,
				DA6B343D213463E700099EF0 /* CollectionViewController */,
				DA6B340921345DF900099EF0 /* Main.storyboard */,
				DA6B340C21345DFB00099EF0 /* Assets.xcassets */,
				DA6B340E21345DFB00099EF0 /* LaunchScreen.storyboard */,
				DA6B341121345DFB00099EF0 /* Info.plist */,
				DA6B341221345DFB00099EF0 /* main.m */,
			);
			path = SampleProject;
			sourceTree = "<group>";
		};
		DA6B341B21345DFB00099EF0 /* SampleProjectTests */ = {
			isa = PBXGroup;
			children = (
				DA6B341C21345DFB00099EF0 /* SampleProjectTests.m */,
				DA6B341E21345DFB00099EF0 /* Info.plist */,
			);
			path = SampleProjectTests;
			sourceTree = "<group>";
		};
		DA6B342621345DFB00099EF0 /* SampleProjectUITests */ = {
			isa = PBXGroup;
			children = (
				DA6B342721345DFB00099EF0 /* SampleProjectUITests.m */,
				DA6B342921345DFB00099EF0 /* Info.plist */,
			);
			path = SampleProjectUITests;
			sourceTree = "<group>";
		};
		DA6B343D213463E700099EF0 /* CollectionViewController */ = {
			isa = PBXGroup;
			children = (
				DA6B3438213462E200099EF0 /* CollectionSearchViewController.h */,
				DA6B3439213462E200099EF0 /* CollectionSearchViewController.m */,
				DA6B358A213488AE00099EF0 /* CollectionViewDelegate */,
				DA6B358B213488BD00099EF0 /* Service */,
			);
			path = CollectionViewController;
			sourceTree = "<group>";
		};
		DA6B34412134659F00099EF0 /* CollectionViewCell */ = {
			isa = PBXGroup;
			children = (
				DA6B3442213465BF00099EF0 /* ImageCollectionCell.h */,
				DA6B3443213465BF00099EF0 /* ImageCollectionCell.m */,
			);
			path = CollectionViewCell;
			sourceTree = "<group>";
		};
		DA6B3575213468AA00099EF0 /* SearchView */ = {
			isa = PBXGroup;
			children = (
				DA6B3576213468BF00099EF0 /* SearchTextView.h */,
				DA6B3577213468BF00099EF0 /* SearchTextView.m */,
			);
			path = SearchView;
			sourceTree = "<group>";
		};
		DA6B35882134888200099EF0 /* Flickr */ = {
			isa = PBXGroup;
			children = (
				DA6B35822134772300099EF0 /* FlickrService.h */,
				DA6B35832134772300099EF0 /* FlickrService.m */,
				DA6B35C1213641C700099EF0 /* ImageServieManager.h */,
				DA6B35C2213641C700099EF0 /* ImageServieManager.m */,
				DA6B35C52136428D00099EF0 /* ImageServiceDelegate.h */,
			);
			path = Flickr;
			sourceTree = "<group>";
		};
		DA6B35892134888F00099EF0 /* View */ = {
			isa = PBXGroup;
			children = (
				DA6B34412134659F00099EF0 /* CollectionViewCell */,
				DA6B3575213468AA00099EF0 /* SearchView */,
			);
			path = View;
			sourceTree = "<group>";
		};
		DA6B358A213488AE00099EF0 /* CollectionViewDelegate */ = {
			isa = PBXGroup;
			children = (
				DA6B357C21346ECA00099EF0 /* CollectionSearchViewController+CollectionViewDelegate.h */,
				DA6B357D21346ECA00099EF0 /* CollectionSearchViewController+CollectionViewDelegate.m */,
			);
			path = CollectionViewDelegate;
			sourceTree = "<group>";
		};
		DA6B358B213488BD00099EF0 /* Service */ = {
			isa = PBXGroup;
			children = (
				DA6B35852134834800099EF0 /* CollectionSearchViewController+Service.h */,
				DA6B35862134834800099EF0 /* CollectionSearchViewController+Service.m */,
			);
			path = Service;
			sourceTree = "<group>";
		};
		DA6B358C2134890100099EF0 /* ImageLoader */ = {
			isa = PBXGroup;
			children = (
				DA6B35942134898800099EF0 /* UIImageView+ImageCache.h */,
				DA6B35932134898800099EF0 /* UIImageView+ImageCache.m */,
				DA6B35902134894A00099EF0 /* ImageDownloaderOperation.h */,
				DA6B35912134894A00099EF0 /* ImageDownloaderOperation.m */,
				DA6B358D2134892D00099EF0 /* ImageDownloaderManager.h */,
				DA6B358E2134892D00099EF0 /* ImageDownloaderManager.m */,
			);
			path = ImageLoader;
			sourceTree = "<group>";
		};
		DA6B35962134899000099EF0 /* Network */ = {
			isa = PBXGroup;
			children = (
				DA6B35A221348AC300099EF0 /* NetworkNSURLSessionRequest.h */,
				DA6B359E21348A0900099EF0 /* NetworkNSURLSessionRequest.m */,
				DA6B359D213489FF00099EF0 /* NetworkRequestDelegate.h */,
				DA6B359A213489D300099EF0 /* NetworkAdapter.h */,
				DA6B359B213489D300099EF0 /* NetworkAdapter.m */,
			);
			path = Network;
			sourceTree = "<group>";
		};
		DA6B35A92135910200099EF0 /* Model */ = {
			isa = PBXGroup;
			children = (
				DA6B35AA2135911800099EF0 /* FlickrPhoto.h */,
				DA6B35AB2135911800099EF0 /* FlickrPhoto.m */,
				DA6B35AD2135912500099EF0 /* FlickrPages.h */,
				DA6B35AE2135912500099EF0 /* FlickrPages.m */,
			);
			path = Model;
			sourceTree = "<group>";
		};
/* End PBXGroup section */

/* Begin PBXNativeTarget section */
		DA6B33FF21345DF900099EF0 /* SampleProject */ = {
			isa = PBXNativeTarget;
			buildConfigurationList = DA6B342C21345DFB00099EF0 /* Build configuration list for PBXNativeTarget "SampleProject" */;
			buildPhases = (
				DA6B33FC21345DF900099EF0 /* Sources */,
				DA6B33FD21345DF900099EF0 /* Frameworks */,
				DA6B33FE21345DF900099EF0 /* Resources */,
			);
			buildRules = (
			);
			dependencies = (
			);
			name = SampleProject;
			productName = SampleProject;
			productReference = DA6B340021345DF900099EF0 /* SampleProject.app */;
			productType = "com.apple.product-type.application";
		};
		DA6B341721345DFB00099EF0 /* SampleProjectTests */ = {
			isa = PBXNativeTarget;
			buildConfigurationList = DA6B342F21345DFB00099EF0 /* Build configuration list for PBXNativeTarget "SampleProjectTests" */;
			buildPhases = (
				DA6B341421345DFB00099EF0 /* Sources */,
				DA6B341521345DFB00099EF0 /* Frameworks */,
				DA6B341621345DFB00099EF0 /* Resources */,
			);
			buildRules = (
			);
			dependencies = (
				DA6B341A21345DFB00099EF0 /* PBXTargetDependency */,
			);
			name = SampleProjectTests;
			productName = SampleProjectTests;
			productReference = DA6B341821345DFB00099EF0 /* SampleProjectTests.xctest */;
			productType = "com.apple.product-type.bundle.unit-test";
		};
		DA6B342221345DFB00099EF0 /* SampleProjectUITests */ = {
			isa = PBXNativeTarget;
			buildConfigurationList = DA6B343221345DFB00099EF0 /* Build configuration list for PBXNativeTarget "SampleProjectUITests" */;
			buildPhases = (
				DA6B341F21345DFB00099EF0 /* Sources */,
				DA6B342021345DFB00099EF0 /* Frameworks */,
				DA6B342121345DFB00099EF0 /* Resources */,
			);
			buildRules = (
			);
			dependencies = (
				DA6B342521345DFB00099EF0 /* PBXTargetDependency */,
			);
			name = SampleProjectUITests;
			productName = SampleProjectUITests;
			productReference = DA6B342321345DFB00099EF0 /* SampleProjectUITests.xctest */;
			productType = "com.apple.product-type.bundle.ui-testing";
		};
/* End PBXNativeTarget section */

/* Begin PBXProject section */
		DA6B33F821345DF900099EF0 /* Project object */ = {
			isa = PBXProject;
			attributes = {
				LastUpgradeCheck = 0940;
				ORGANIZATIONNAME = "Amit Kumar namdev";
				TargetAttributes = {
					DA6B33FF21345DF900099EF0 = {
						CreatedOnToolsVersion = 9.4.1;
					};
					DA6B341721345DFB00099EF0 = {
						CreatedOnToolsVersion = 9.4.1;
						TestTargetID = DA6B33FF21345DF900099EF0;
					};
					DA6B342221345DFB00099EF0 = {
						CreatedOnToolsVersion = 9.4.1;
						TestTargetID = DA6B33FF21345DF900099EF0;
					};
				};
			};
			buildConfigurationList = DA6B33FB21345DF900099EF0 /* Build configuration list for PBXProject "SampleProject" */;
			compatibilityVersion = "Xcode 9.3";
			developmentRegion = en;
			hasScannedForEncodings = 0;
			knownRegions = (
				en,
				Base,
			);
			mainGroup = DA6B33F721345DF900099EF0;
			productRefGroup = DA6B340121345DF900099EF0 /* Products */;
			projectDirPath = "";
			projectRoot = "";
			targets = (
				DA6B33FF21345DF900099EF0 /* SampleProject */,
				DA6B341721345DFB00099EF0 /* SampleProjectTests */,
				DA6B342221345DFB00099EF0 /* SampleProjectUITests */,
			);
		};
/* End PBXProject section */

/* Begin PBXResourcesBuildPhase section */
		DA6B33FE21345DF900099EF0 /* Resources */ = {
			isa = PBXResourcesBuildPhase;
			buildActionMask = 2147483647;
			files = (
				DA6B341021345DFB00099EF0 /* LaunchScreen.storyboard in Resources */,
				DA6B340D21345DFB00099EF0 /* Assets.xcassets in Resources */,
				DA6B340B21345DF900099EF0 /* Main.storyboard in Resources */,
			);
			runOnlyForDeploymentPostprocessing = 0;
		};
		DA6B341621345DFB00099EF0 /* Resources */ = {
			isa = PBXResourcesBuildPhase;
			buildActionMask = 2147483647;
			files = (
			);
			runOnlyForDeploymentPostprocessing = 0;
		};
		DA6B342121345DFB00099EF0 /* Resources */ = {
			isa = PBXResourcesBuildPhase;
			buildActionMask = 2147483647;
			files = (
			);
			runOnlyForDeploymentPostprocessing = 0;
		};
/* End PBXResourcesBuildPhase section */

/* Begin PBXSourcesBuildPhase section */
		DA6B33FC21345DF900099EF0 /* Sources */ = {
			isa = PBXSourcesBuildPhase;
			buildActionMask = 2147483647;
			files = (
				DA6B35872134834800099EF0 /* CollectionSearchViewController+Service.m in Sources */,
				DA6B35AC2135911800099EF0 /* FlickrPhoto.m in Sources */,
				DA6B3444213465BF00099EF0 /* ImageCollectionCell.m in Sources */,
				DA6B35922134894A00099EF0 /* ImageDownloaderOperation.m in Sources */,
				DA6B359F21348A0900099EF0 /* NetworkNSURLSessionRequest.m in Sources */,
				DA6B35952134898800099EF0 /* UIImageView+ImageCache.m in Sources */,
				DA6B341321345DFB00099EF0 /* main.m in Sources */,
				DA6B358F2134892D00099EF0 /* ImageDownloaderManager.m in Sources */,
				DA6B359C213489D300099EF0 /* NetworkAdapter.m in Sources */,
				DA6B340521345DF900099EF0 /* AppDelegate.m in Sources */,
				DA6B357E21346ECA00099EF0 /* CollectionSearchViewController+CollectionViewDelegate.m in Sources */,
				DA6B35C3213641C700099EF0 /* ImageServieManager.m in Sources */,
				DA6B343A213462E200099EF0 /* CollectionSearchViewController.m in Sources */,
				DA6B35AF2135912600099EF0 /* FlickrPages.m in Sources */,
				DA6B3578213468BF00099EF0 /* SearchTextView.m in Sources */,
				DA6B35842134772300099EF0 /* FlickrService.m in Sources */,
			);
			runOnlyForDeploymentPostprocessing = 0;
		};
		DA6B341421345DFB00099EF0 /* Sources */ = {
			isa = PBXSourcesBuildPhase;
			buildActionMask = 2147483647;
			files = (
				DA6B341D21345DFB00099EF0 /* SampleProjectTests.m in Sources */,
			);
			runOnlyForDeploymentPostprocessing = 0;
		};
		DA6B341F21345DFB00099EF0 /* Sources */ = {
			isa = PBXSourcesBuildPhase;
			buildActionMask = 2147483647;
			files = (
				DA6B342821345DFB00099EF0 /* SampleProjectUITests.m in Sources */,
			);
			runOnlyForDeploymentPostprocessing = 0;
		};
/* End PBXSourcesBuildPhase section */

/* Begin PBXTargetDependency section */
		DA6B341A21345DFB00099EF0 /* PBXTargetDependency */ = {
			isa = PBXTargetDependency;
			target = DA6B33FF21345DF900099EF0 /* SampleProject */;
			targetProxy = DA6B341921345DFB00099EF0 /* PBXContainerItemProxy */;
		};
		DA6B342521345DFB00099EF0 /* PBXTargetDependency */ = {
			isa = PBXTargetDependency;
			target = DA6B33FF21345DF900099EF0 /* SampleProject */;
			targetProxy = DA6B342421345DFB00099EF0 /* PBXContainerItemProxy */;
		};
/* End PBXTargetDependency section */

/* Begin PBXVariantGroup section */
		DA6B340921345DF900099EF0 /* Main.storyboard */ = {
			isa = PBXVariantGroup;
			children = (
				DA6B340A21345DF900099EF0 /* Base */,
			);
			name = Main.storyboard;
			sourceTree = "<group>";
		};
		DA6B340E21345DFB00099EF0 /* LaunchScreen.storyboard */ = {
			isa = PBXVariantGroup;
			children = (
				DA6B340F21345DFB00099EF0 /* Base */,
			);
			name = LaunchScreen.storyboard;
			sourceTree = "<group>";
		};
/* End PBXVariantGroup section */

/* Begin XCBuildConfiguration section */
		DA6B342A21345DFB00099EF0 /* Debug */ = {
			isa = XCBuildConfiguration;
			buildSettings = {
				ALWAYS_SEARCH_USER_PATHS = NO;
				CLANG_ANALYZER_NONNULL = YES;
				CLANG_ANALYZER_NUMBER_OBJECT_CONVERSION = YES_AGGRESSIVE;
				CLANG_CXX_LANGUAGE_STANDARD = "gnu++14";
				CLANG_CXX_LIBRARY = "libc++";
				CLANG_ENABLE_MODULES = YES;
				CLANG_ENABLE_OBJC_ARC = YES;
				CLANG_ENABLE_OBJC_WEAK = YES;
				CLANG_WARN_BLOCK_CAPTURE_AUTORELEASING = YES;
				CLANG_WARN_BOOL_CONVERSION = YES;
				CLANG_WARN_COMMA = YES;
				CLANG_WARN_CONSTANT_CONVERSION = YES;
				CLANG_WARN_DEPRECATED_OBJC_IMPLEMENTATIONS = YES;
				CLANG_WARN_DIRECT_OBJC_ISA_USAGE = YES_ERROR;
				CLANG_WARN_DOCUMENTATION_COMMENTS = YES;
				CLANG_WARN_EMPTY_BODY = YES;
				CLANG_WARN_ENUM_CONVERSION = YES;
				CLANG_WARN_INFINITE_RECURSION = YES;
				CLANG_WARN_INT_CONVERSION = YES;
				CLANG_WARN_NON_LITERAL_NULL_CONVERSION = YES;
				CLANG_WARN_OBJC_IMPLICIT_RETAIN_SELF = YES;
				CLANG_WARN_OBJC_LITERAL_CONVERSION = YES;
				CLANG_WARN_OBJC_ROOT_CLASS = YES_ERROR;
				CLANG_WARN_RANGE_LOOP_ANALYSIS = YES;
				CLANG_WARN_STRICT_PROTOTYPES = YES;
				CLANG_WARN_SUSPICIOUS_MOVE = YES;
				CLANG_WARN_UNGUARDED_AVAILABILITY = YES_AGGRESSIVE;
				CLANG_WARN_UNREACHABLE_CODE = YES;
				CLANG_WARN__DUPLICATE_METHOD_MATCH = YES;
				CODE_SIGN_IDENTITY = "iPhone Developer";
				COPY_PHASE_STRIP = NO;
				DEBUG_INFORMATION_FORMAT = dwarf;
				ENABLE_STRICT_OBJC_MSGSEND = YES;
				ENABLE_TESTABILITY = YES;
				GCC_C_LANGUAGE_STANDARD = gnu11;
				GCC_DYNAMIC_NO_PIC = NO;
				GCC_NO_COMMON_BLOCKS = YES;
				GCC_OPTIMIZATION_LEVEL = 0;
				GCC_PREPROCESSOR_DEFINITIONS = (
					"DEBUG=1",
					"$(inherited)",
				);
				GCC_WARN_64_TO_32_BIT_CONVERSION = YES;
				GCC_WARN_ABOUT_RETURN_TYPE = YES_ERROR;
				GCC_WARN_UNDECLARED_SELECTOR = YES;
				GCC_WARN_UNINITIALIZED_AUTOS = YES_AGGRESSIVE;
				GCC_WARN_UNUSED_FUNCTION = YES;
				GCC_WARN_UNUSED_VARIABLE = YES;
				IPHONEOS_DEPLOYMENT_TARGET = 11.4;
				MTL_ENABLE_DEBUG_INFO = YES;
				ONLY_ACTIVE_ARCH = YES;
				SDKROOT = iphoneos;
			};
			name = Debug;
		};
		DA6B342B21345DFB00099EF0 /* Release */ = {
			isa = XCBuildConfiguration;
			buildSettings = {
				ALWAYS_SEARCH_USER_PATHS = NO;
				CLANG_ANALYZER_NONNULL = YES;
				CLANG_ANALYZER_NUMBER_OBJECT_CONVERSION = YES_AGGRESSIVE;
				CLANG_CXX_LANGUAGE_STANDARD = "gnu++14";
				CLANG_CXX_LIBRARY = "libc++";
				CLANG_ENABLE_MODULES = YES;
				CLANG_ENABLE_OBJC_ARC = YES;
				CLANG_ENABLE_OBJC_WEAK = YES;
				CLANG_WARN_BLOCK_CAPTURE_AUTORELEASING = YES;
				CLANG_WARN_BOOL_CONVERSION = YES;
				CLANG_WARN_COMMA = YES;
				CLANG_WARN_CONSTANT_CONVERSION = YES;
				CLANG_WARN_DEPRECATED_OBJC_IMPLEMENTATIONS = YES;
				CLANG_WARN_DIRECT_OBJC_ISA_USAGE = YES_ERROR;
				CLANG_WARN_DOCUMENTATION_COMMENTS = YES;
				CLANG_WARN_EMPTY_BODY = YES;
				CLANG_WARN_ENUM_CONVERSION = YES;
				CLANG_WARN_INFINITE_RECURSION = YES;
				CLANG_WARN_INT_CONVERSION = YES;
				CLANG_WARN_NON_LITERAL_NULL_CONVERSION = YES;
				CLANG_WARN_OBJC_IMPLICIT_RETAIN_SELF = YES;
				CLANG_WARN_OBJC_LITERAL_CONVERSION = YES;
				CLANG_WARN_OBJC_ROOT_CLASS = YES_ERROR;
				CLANG_WARN_RANGE_LOOP_ANALYSIS = YES;
				CLANG_WARN_STRICT_PROTOTYPES = YES;
				CLANG_WARN_SUSPICIOUS_MOVE = YES;
				CLANG_WARN_UNGUARDED_AVAILABILITY = YES_AGGRESSIVE;
				CLANG_WARN_UNREACHABLE_CODE = YES;
				CLANG_WARN__DUPLICATE_METHOD_MATCH = YES;
				CODE_SIGN_IDENTITY = "iPhone Developer";
				COPY_PHASE_STRIP = NO;
				DEBUG_INFORMATION_FORMAT = "dwarf-with-dsym";
				ENABLE_NS_ASSERTIONS = NO;
				ENABLE_STRICT_OBJC_MSGSEND = YES;
				GCC_C_LANGUAGE_STANDARD = gnu11;
				GCC_NO_COMMON_BLOCKS = YES;
				GCC_WARN_64_TO_32_BIT_CONVERSION = YES;
				GCC_WARN_ABOUT_RETURN_TYPE = YES_ERROR;
				GCC_WARN_UNDECLARED_SELECTOR = YES;
				GCC_WARN_UNINITIALIZED_AUTOS = YES_AGGRESSIVE;
				GCC_WARN_UNUSED_FUNCTION = YES;
				GCC_WARN_UNUSED_VARIABLE = YES;
				IPHONEOS_DEPLOYMENT_TARGET = 11.4;
				MTL_ENABLE_DEBUG_INFO = NO;
				SDKROOT = iphoneos;
				VALIDATE_PRODUCT = YES;
			};
			name = Release;
		};
		DA6B342D21345DFB00099EF0 /* Debug */ = {
			isa = XCBuildConfiguration;
			buildSettings = {
				ASSETCATALOG_COMPILER_APPICON_NAME = AppIcon;
				CODE_SIGN_STYLE = Automatic;
				DEVELOPMENT_TEAM = XKZH2TQ9WG;
				INFOPLIST_FILE = SampleProject/Info.plist;
				LD_RUNPATH_SEARCH_PATHS = (
					"$(inherited)",
					"@executable_path/Frameworks",
				);
				PRODUCT_BUNDLE_IDENTIFIER = Conviva.SampleProject;
				PRODUCT_NAME = "$(TARGET_NAME)";
				TARGETED_DEVICE_FAMILY = "1,2";
			};
			name = Debug;
		};
		DA6B342E21345DFB00099EF0 /* Release */ = {
			isa = XCBuildConfiguration;
			buildSettings = {
				ASSETCATALOG_COMPILER_APPICON_NAME = AppIcon;
				CODE_SIGN_STYLE = Automatic;
				DEVELOPMENT_TEAM = XKZH2TQ9WG;
				INFOPLIST_FILE = SampleProject/Info.plist;
				LD_RUNPATH_SEARCH_PATHS = (
					"$(inherited)",
					"@executable_path/Frameworks",
				);
				PRODUCT_BUNDLE_IDENTIFIER = Conviva.SampleProject;
				PRODUCT_NAME = "$(TARGET_NAME)";
				TARGETED_DEVICE_FAMILY = "1,2";
			};
			name = Release;
		};
		DA6B343021345DFB00099EF0 /* Debug */ = {
			isa = XCBuildConfiguration;
			buildSettings = {
				BUNDLE_LOADER = "$(TEST_HOST)";
				CODE_SIGN_STYLE = Automatic;
				DEVELOPMENT_TEAM = XKZH2TQ9WG;
				INFOPLIST_FILE = SampleProjectTests/Info.plist;
				LD_RUNPATH_SEARCH_PATHS = (
					"$(inherited)",
					"@executable_path/Frameworks",
					"@loader_path/Frameworks",
				);
				PRODUCT_BUNDLE_IDENTIFIER = Conviva.SampleProjectTests;
				PRODUCT_NAME = "$(TARGET_NAME)";
				TARGETED_DEVICE_FAMILY = "1,2";
				TEST_HOST = "$(BUILT_PRODUCTS_DIR)/SampleProject.app/SampleProject";
			};
			name = Debug;
		};
		DA6B343121345DFB00099EF0 /* Release */ = {
			isa = XCBuildConfiguration;
			buildSettings = {
				BUNDLE_LOADER = "$(TEST_HOST)";
				CODE_SIGN_STYLE = Automatic;
				DEVELOPMENT_TEAM = XKZH2TQ9WG;
				INFOPLIST_FILE = SampleProjectTests/Info.plist;
				LD_RUNPATH_SEARCH_PATHS = (
					"$(inherited)",
					"@executable_path/Frameworks",
					"@loader_path/Frameworks",
				);
				PRODUCT_BUNDLE_IDENTIFIER = Conviva.SampleProjectTests;
				PRODUCT_NAME = "$(TARGET_NAME)";
				TARGETED_DEVICE_FAMILY = "1,2";
				TEST_HOST = "$(BUILT_PRODUCTS_DIR)/SampleProject.app/SampleProject";
			};
			name = Release;
		};
		DA6B343321345DFB00099EF0 /* Debug */ = {
			isa = XCBuildConfiguration;
			buildSettings = {
				CODE_SIGN_STYLE = Automatic;
				DEVELOPMENT_TEAM = XKZH2TQ9WG;
				INFOPLIST_FILE = SampleProjectUITests/Info.plist;
				LD_RUNPATH_SEARCH_PATHS = (
					"$(inherited)",
					"@executable_path/Frameworks",
					"@loader_path/Frameworks",
				);
				PRODUCT_BUNDLE_IDENTIFIER = Conviva.SampleProjectUITests;
				PRODUCT_NAME = "$(TARGET_NAME)";
				TARGETED_DEVICE_FAMILY = "1,2";
				TEST_TARGET_NAME = SampleProject;
			};
			name = Debug;
		};
		DA6B343421345DFB00099EF0 /* Release */ = {
			isa = XCBuildConfiguration;
			buildSettings = {
				CODE_SIGN_STYLE = Automatic;
				DEVELOPMENT_TEAM = XKZH2TQ9WG;
				INFOPLIST_FILE = SampleProjectUITests/Info.plist;
				LD_RUNPATH_SEARCH_PATHS = (
					"$(inherited)",
					"@executable_path/Frameworks",
					"@loader_path/Frameworks",
				);
				PRODUCT_BUNDLE_IDENTIFIER = Conviva.SampleProjectUITests;
				PRODUCT_NAME = "$(TARGET_NAME)";
				TARGETED_DEVICE_FAMILY = "1,2";
				TEST_TARGET_NAME = SampleProject;
			};
			name = Release;
		};
/* End XCBuildConfiguration section */

/* Begin XCConfigurationList section */
		DA6B33FB21345DF900099EF0 /* Build configuration list for PBXProject "SampleProject" */ = {
			isa = XCConfigurationList;
			buildConfigurations = (
				DA6B342A21345DFB00099EF0 /* Debug */,
				DA6B342B21345DFB00099EF0 /* Release */,
			);
			defaultConfigurationIsVisible = 0;
			defaultConfigurationName = Release;
		};
		DA6B342C21345DFB00099EF0 /* Build configuration list for PBXNativeTarget "SampleProject" */ = {
			isa = XCConfigurationList;
			buildConfigurations = (
				DA6B342D21345DFB00099EF0 /* Debug */,
				DA6B342E21345DFB00099EF0 /* Release */,
			);
			defaultConfigurationIsVisible = 0;
			defaultConfigurationName = Release;
		};
		DA6B342F21345DFB00099EF0 /* Build configuration list for PBXNativeTarget "SampleProjectTests" */ = {
			isa = XCConfigurationList;
			buildConfigurations = (
				DA6B343021345DFB00099EF0 /* Debug */,
				DA6B343121345DFB00099EF0 /* Release */,
			);
			defaultConfigurationIsVisible = 0;
			defaultConfigurationName = Release;
		};
		DA6B343221345DFB00099EF0 /* Build configuration list for PBXNativeTarget "SampleProjectUITests" */ = {
			isa = XCConfigurationList;
			buildConfigurations = (
				DA6B343321345DFB00099EF0 /* Debug */,
				DA6B343421345DFB00099EF0 /* Release */,
			);
			defaultConfigurationIsVisible = 0;
			defaultConfigurationName = Release;
		};
/* End XCConfigurationList section */
	};
	rootObject = DA6B33F821345DF900099EF0 /* Project object */;
}
